# This file was autogenerated by Stack.
# You should not edit this file by hand.
# For more information, please see the documentation at:
#   https://docs.haskellstack.org/en/stable/lock_files

packages:
- completed:
    hackage: list-transformer-1.0.6@sha256:e214728decb4844b1c6ea0e3243324cfc11ad6da5629d16f06b92f00b6a5bed0,1455
    pantry-tree:
      size: 280
      sha256: 7d2a46b5ade8b57a62888af490d6fb20b217e6fa92b5bf40d53c6e9fd7a3809c
  original:
    hackage: list-transformer-1.0.6
snapshots:
- completed:
    size: 401333
    url: https://raw.githubusercontent.com/commercialhaskell/stackage-snapshots/master/nightly/2019/10/19.yaml
    sha256: efc3456c02c7028be3b63401ade5dfd8a9cd2646d277692f1d66cb06e8d002f9
  original: nightly-2019-10-19
