# This file was autogenerated by Stack.
# You should not edit this file by hand.
# For more information, please see the documentation at:
#   https://docs.haskellstack.org/en/stable/lock_files

packages: []
snapshots:
- completed:
    size: 401333
    url: https://raw.githubusercontent.com/commercialhaskell/stackage-snapshots/master/nightly/2019/10/19.yaml
    sha256: efc3456c02c7028be3b63401ade5dfd8a9cd2646d277692f1d66cb06e8d002f9
  original: nightly-2019-10-19
